// !$*UTF8*$!
{
	archiveVersion = 1;
	classes = {
	};
	objectVersion = 50;
	objects = {

/* Begin PBXBuildFile section */
		294FA20A249C8CE90042BB4A /* AppDelegate.swift in Sources */ = {isa = PBXBuildFile; fileRef = 294FA209249C8CE90042BB4A /* AppDelegate.swift */; };
		294FA20C249C8CE90042BB4A /* SceneDelegate.swift in Sources */ = {isa = PBXBuildFile; fileRef = 294FA20B249C8CE90042BB4A /* SceneDelegate.swift */; };
		294FA20E249C8CE90042BB4A /* ViewController.swift in Sources */ = {isa = PBXBuildFile; fileRef = 294FA20D249C8CE90042BB4A /* ViewController.swift */; };
		294FA211249C8CE90042BB4A /* Main.storyboard in Resources */ = {isa = PBXBuildFile; fileRef = 294FA20F249C8CE90042BB4A /* Main.storyboard */; };
		294FA213249C8CEB0042BB4A /* Assets.xcassets in Resources */ = {isa = PBXBuildFile; fileRef = 294FA212249C8CEB0042BB4A /* Assets.xcassets */; };
		294FA216249C8CEB0042BB4A /* LaunchScreen.storyboard in Resources */ = {isa = PBXBuildFile; fileRef = 294FA214249C8CEB0042BB4A /* LaunchScreen.storyboard */; };
		294FA221249C8CEB0042BB4A /* TicTacToeTests.swift in Sources */ = {isa = PBXBuildFile; fileRef = 294FA220249C8CEB0042BB4A /* TicTacToeTests.swift */; };
		294FA22C249C8CEB0042BB4A /* TicTacToeUITests.swift in Sources */ = {isa = PBXBuildFile; fileRef = 294FA22B249C8CEB0042BB4A /* TicTacToeUITests.swift */; };
		294FA23A249CAE080042BB4A /* ImageDisplay.swift in Sources */ = {isa = PBXBuildFile; fileRef = 294FA239249CAE080042BB4A /* ImageDisplay.swift */; };
		294FA23F249CBC120042BB4A /* Localizable.strings in Resources */ = {isa = PBXBuildFile; fileRef = 294FA241249CBC120042BB4A /* Localizable.strings */; };
		483178CB97B513749D0E92A5 /* Pods_TicTacToe.framework in Frameworks */ = {isa = PBXBuildFile; fileRef = 2EADA6778E008992A5F94A41 /* Pods_TicTacToe.framework */; };
/* End PBXBuildFile section */

/* Begin PBXContainerItemProxy section */
		294FA21D249C8CEB0042BB4A /* PBXContainerItemProxy */ = {
			isa = PBXContainerItemProxy;
			containerPortal = 294FA1FE249C8CE90042BB4A /* Project object */;
			proxyType = 1;
			remoteGlobalIDString = 294FA205249C8CE90042BB4A;
			remoteInfo = TicTacToe;
		};
		294FA228249C8CEB0042BB4A /* PBXContainerItemProxy */ = {
			isa = PBXContainerItemProxy;
			containerPortal = 294FA1FE249C8CE90042BB4A /* Project object */;
			proxyType = 1;
			remoteGlobalIDString = 294FA205249C8CE90042BB4A;
			remoteInfo = TicTacToe;
		};
/* End PBXContainerItemProxy section */

/* Begin PBXFileReference section */
		0A0768B0D1173F72459319A3 /* Pods-TicTacToe.release.xcconfig */ = {isa = PBXFileReference; includeInIndex = 1; lastKnownFileType = text.xcconfig; name = "Pods-TicTacToe.release.xcconfig"; path = "Target Support Files/Pods-TicTacToe/Pods-TicTacToe.release.xcconfig"; sourceTree = "<group>"; };
		294FA206249C8CE90042BB4A /* TicTacToe.app */ = {isa = PBXFileReference; explicitFileType = wrapper.application; includeInIndex = 0; path = TicTacToe.app; sourceTree = BUILT_PRODUCTS_DIR; };
		294FA209249C8CE90042BB4A /* AppDelegate.swift */ = {isa = PBXFileReference; lastKnownFileType = sourcecode.swift; path = AppDelegate.swift; sourceTree = "<group>"; };
		294FA20B249C8CE90042BB4A /* SceneDelegate.swift */ = {isa = PBXFileReference; lastKnownFileType = sourcecode.swift; path = SceneDelegate.swift; sourceTree = "<group>"; };
		294FA20D249C8CE90042BB4A /* ViewController.swift */ = {isa = PBXFileReference; lastKnownFileType = sourcecode.swift; path = ViewController.swift; sourceTree = "<group>"; };
		294FA210249C8CE90042BB4A /* Base */ = {isa = PBXFileReference; lastKnownFileType = file.storyboard; name = Base; path = Base.lproj/Main.storyboard; sourceTree = "<group>"; };
		294FA212249C8CEB0042BB4A /* Assets.xcassets */ = {isa = PBXFileReference; lastKnownFileType = folder.assetcatalog; path = Assets.xcassets; sourceTree = "<group>"; };
		294FA215249C8CEB0042BB4A /* Base */ = {isa = PBXFileReference; lastKnownFileType = file.storyboard; name = Base; path = Base.lproj/LaunchScreen.storyboard; sourceTree = "<group>"; };
		294FA217249C8CEB0042BB4A /* Info.plist */ = {isa = PBXFileReference; lastKnownFileType = text.plist.xml; path = Info.plist; sourceTree = "<group>"; };
		294FA21C249C8CEB0042BB4A /* TicTacToeTests.xctest */ = {isa = PBXFileReference; explicitFileType = wrapper.cfbundle; includeInIndex = 0; path = TicTacToeTests.xctest; sourceTree = BUILT_PRODUCTS_DIR; };
		294FA220249C8CEB0042BB4A /* TicTacToeTests.swift */ = {isa = PBXFileReference; lastKnownFileType = sourcecode.swift; path = TicTacToeTests.swift; sourceTree = "<group>"; };
		294FA222249C8CEB0042BB4A /* Info.plist */ = {isa = PBXFileReference; lastKnownFileType = text.plist.xml; path = Info.plist; sourceTree = "<group>"; };
		294FA227249C8CEB0042BB4A /* TicTacToeUITests.xctest */ = {isa = PBXFileReference; explicitFileType = wrapper.cfbundle; includeInIndex = 0; path = TicTacToeUITests.xctest; sourceTree = BUILT_PRODUCTS_DIR; };
		294FA22B249C8CEB0042BB4A /* TicTacToeUITests.swift */ = {isa = PBXFileReference; lastKnownFileType = sourcecode.swift; path = TicTacToeUITests.swift; sourceTree = "<group>"; };
		294FA22D249C8CEB0042BB4A /* Info.plist */ = {isa = PBXFileReference; lastKnownFileType = text.plist.xml; path = Info.plist; sourceTree = "<group>"; };
		294FA239249CAE080042BB4A /* ImageDisplay.swift */ = {isa = PBXFileReference; lastKnownFileType = sourcecode.swift; path = ImageDisplay.swift; sourceTree = "<group>"; };
		294FA240249CBC120042BB4A /* en */ = {isa = PBXFileReference; lastKnownFileType = text.plist.strings; name = en; path = en.lproj/Localizable.strings; sourceTree = "<group>"; };
		2EADA6778E008992A5F94A41 /* Pods_TicTacToe.framework */ = {isa = PBXFileReference; explicitFileType = wrapper.framework; includeInIndex = 0; path = Pods_TicTacToe.framework; sourceTree = BUILT_PRODUCTS_DIR; };
		3C17942B23CBFE265068A98A /* Pods-TicTacToe.debug.xcconfig */ = {isa = PBXFileReference; includeInIndex = 1; lastKnownFileType = text.xcconfig; name = "Pods-TicTacToe.debug.xcconfig"; path = "Target Support Files/Pods-TicTacToe/Pods-TicTacToe.debug.xcconfig"; sourceTree = "<group>"; };
/* End PBXFileReference section */

/* Begin PBXFrameworksBuildPhase section */
		294FA203249C8CE90042BB4A /* Frameworks */ = {
			isa = PBXFrameworksBuildPhase;
			buildActionMask = 2147483647;
			files = (
				483178CB97B513749D0E92A5 /* Pods_TicTacToe.framework in Frameworks */,
			);
			runOnlyForDeploymentPostprocessing = 0;
		};
		294FA219249C8CEB0042BB4A /* Frameworks */ = {
			isa = PBXFrameworksBuildPhase;
			buildActionMask = 2147483647;
			files = (
			);
			runOnlyForDeploymentPostprocessing = 0;
		};
		294FA224249C8CEB0042BB4A /* Frameworks */ = {
			isa = PBXFrameworksBuildPhase;
			buildActionMask = 2147483647;
			files = (
			);
			runOnlyForDeploymentPostprocessing = 0;
		};
/* End PBXFrameworksBuildPhase section */

/* Begin PBXGroup section */
		294FA1FD249C8CE90042BB4A = {
			isa = PBXGroup;
			children = (
				294FA208249C8CE90042BB4A /* TicTacToe */,
				294FA21F249C8CEB0042BB4A /* TicTacToeTests */,
				294FA22A249C8CEB0042BB4A /* TicTacToeUITests */,
				294FA207249C8CE90042BB4A /* Products */,
				FAB07571A09614F9656C1CC6 /* Pods */,
				EFB8E1302F9E9DB22F2BAD6B /* Frameworks */,
			);
			sourceTree = "<group>";
		};
		294FA207249C8CE90042BB4A /* Products */ = {
			isa = PBXGroup;
			children = (
				294FA206249C8CE90042BB4A /* TicTacToe.app */,
				294FA21C249C8CEB0042BB4A /* TicTacToeTests.xctest */,
				294FA227249C8CEB0042BB4A /* TicTacToeUITests.xctest */,
			);
			name = Products;
			sourceTree = "<group>";
		};
		294FA208249C8CE90042BB4A /* TicTacToe */ = {
			isa = PBXGroup;
			children = (
				294FA209249C8CE90042BB4A /* AppDelegate.swift */,
				294FA20B249C8CE90042BB4A /* SceneDelegate.swift */,
				294FA20D249C8CE90042BB4A /* ViewController.swift */,
				294FA241249CBC120042BB4A /* Localizable.strings */,
				294FA20F249C8CE90042BB4A /* Main.storyboard */,
				294FA212249C8CEB0042BB4A /* Assets.xcassets */,
				294FA214249C8CEB0042BB4A /* LaunchScreen.storyboard */,
				294FA217249C8CEB0042BB4A /* Info.plist */,
				294FA239249CAE080042BB4A /* ImageDisplay.swift */,
			);
			path = TicTacToe;
			sourceTree = "<group>";
		};
		294FA21F249C8CEB0042BB4A /* TicTacToeTests */ = {
			isa = PBXGroup;
			children = (
				294FA220249C8CEB0042BB4A /* TicTacToeTests.swift */,
				294FA222249C8CEB0042BB4A /* Info.plist */,
			);
			path = TicTacToeTests;
			sourceTree = "<group>";
		};
		294FA22A249C8CEB0042BB4A /* TicTacToeUITests */ = {
			isa = PBXGroup;
			children = (
				294FA22B249C8CEB0042BB4A /* TicTacToeUITests.swift */,
				294FA22D249C8CEB0042BB4A /* Info.plist */,
			);
			path = TicTacToeUITests;
			sourceTree = "<group>";
		};
		EFB8E1302F9E9DB22F2BAD6B /* Frameworks */ = {
			isa = PBXGroup;
			children = (
				2EADA6778E008992A5F94A41 /* Pods_TicTacToe.framework */,
			);
			name = Frameworks;
			sourceTree = "<group>";
		};
		FAB07571A09614F9656C1CC6 /* Pods */ = {
			isa = PBXGroup;
			children = (
				3C17942B23CBFE265068A98A /* Pods-TicTacToe.debug.xcconfig */,
				0A0768B0D1173F72459319A3 /* Pods-TicTacToe.release.xcconfig */,
			);
			name = Pods;
			path = Pods;
			sourceTree = "<group>";
		};
/* End PBXGroup section */

/* Begin PBXNativeTarget section */
		294FA205249C8CE90042BB4A /* TicTacToe */ = {
			isa = PBXNativeTarget;
			buildConfigurationList = 294FA230249C8CEB0042BB4A /* Build configuration list for PBXNativeTarget "TicTacToe" */;
			buildPhases = (
				161A8B33129A4381AA75598F /* [CP] Check Pods Manifest.lock */,
				294FA202249C8CE90042BB4A /* Sources */,
				294FA203249C8CE90042BB4A /* Frameworks */,
				294FA204249C8CE90042BB4A /* Resources */,
				94120ABF9AB81F76CE596137 /* [CP] Embed Pods Frameworks */,
			);
			buildRules = (
			);
			dependencies = (
			);
			name = TicTacToe;
			productName = TicTacToe;
			productReference = 294FA206249C8CE90042BB4A /* TicTacToe.app */;
			productType = "com.apple.product-type.application";
		};
		294FA21B249C8CEB0042BB4A /* TicTacToeTests */ = {
			isa = PBXNativeTarget;
			buildConfigurationList = 294FA233249C8CEB0042BB4A /* Build configuration list for PBXNativeTarget "TicTacToeTests" */;
			buildPhases = (
				294FA218249C8CEB0042BB4A /* Sources */,
				294FA219249C8CEB0042BB4A /* Frameworks */,
				294FA21A249C8CEB0042BB4A /* Resources */,
			);
			buildRules = (
			);
			dependencies = (
				294FA21E249C8CEB0042BB4A /* PBXTargetDependency */,
			);
			name = TicTacToeTests;
			productName = TicTacToeTests;
			productReference = 294FA21C249C8CEB0042BB4A /* TicTacToeTests.xctest */;
			productType = "com.apple.product-type.bundle.unit-test";
		};
		294FA226249C8CEB0042BB4A /* TicTacToeUITests */ = {
			isa = PBXNativeTarget;
			buildConfigurationList = 294FA236249C8CEB0042BB4A /* Build configuration list for PBXNativeTarget "TicTacToeUITests" */;
			buildPhases = (
				294FA223249C8CEB0042BB4A /* Sources */,
				294FA224249C8CEB0042BB4A /* Frameworks */,
				294FA225249C8CEB0042BB4A /* Resources */,
			);
			buildRules = (
			);
			dependencies = (
				294FA229249C8CEB0042BB4A /* PBXTargetDependency */,
			);
			name = TicTacToeUITests;
			productName = TicTacToeUITests;
			productReference = 294FA227249C8CEB0042BB4A /* TicTacToeUITests.xctest */;
			productType = "com.apple.product-type.bundle.ui-testing";
		};
/* End PBXNativeTarget section */

/* Begin PBXProject section */
		294FA1FE249C8CE90042BB4A /* Project object */ = {
			isa = PBXProject;
			attributes = {
				LastSwiftUpdateCheck = 1150;
				LastUpgradeCheck = 1150;
				ORGANIZATIONNAME = "Shivani P R";
				TargetAttributes = {
					294FA205249C8CE90042BB4A = {
						CreatedOnToolsVersion = 11.5;
					};
					294FA21B249C8CEB0042BB4A = {
						CreatedOnToolsVersion = 11.5;
						TestTargetID = 294FA205249C8CE90042BB4A;
					};
					294FA226249C8CEB0042BB4A = {
						CreatedOnToolsVersion = 11.5;
						TestTargetID = 294FA205249C8CE90042BB4A;
					};
				};
			};
			buildConfigurationList = 294FA201249C8CE90042BB4A /* Build configuration list for PBXProject "TicTacToe" */;
			compatibilityVersion = "Xcode 9.3";
			developmentRegion = en;
			hasScannedForEncodings = 0;
			knownRegions = (
				en,
				Base,
			);
			mainGroup = 294FA1FD249C8CE90042BB4A;
			productRefGroup = 294FA207249C8CE90042BB4A /* Products */;
			projectDirPath = "";
			projectRoot = "";
			targets = (
				294FA205249C8CE90042BB4A /* TicTacToe */,
				294FA21B249C8CEB0042BB4A /* TicTacToeTests */,
				294FA226249C8CEB0042BB4A /* TicTacToeUITests */,
			);
		};
/* End PBXProject section */

/* Begin PBXResourcesBuildPhase section */
		294FA204249C8CE90042BB4A /* Resources */ = {
			isa = PBXResourcesBuildPhase;
			buildActionMask = 2147483647;
			files = (
				294FA23F249CBC120042BB4A /* Localizable.strings in Resources */,
				294FA216249C8CEB0042BB4A /* LaunchScreen.storyboard in Resources */,
				294FA213249C8CEB0042BB4A /* Assets.xcassets in Resources */,
				294FA211249C8CE90042BB4A /* Main.storyboard in Resources */,
			);
			runOnlyForDeploymentPostprocessing = 0;
		};
		294FA21A249C8CEB0042BB4A /* Resources */ = {
			isa = PBXResourcesBuildPhase;
			buildActionMask = 2147483647;
			files = (
			);
			runOnlyForDeploymentPostprocessing = 0;
		};
		294FA225249C8CEB0042BB4A /* Resources */ = {
			isa = PBXResourcesBuildPhase;
			buildActionMask = 2147483647;
			files = (
			);
			runOnlyForDeploymentPostprocessing = 0;
		};
/* End PBXResourcesBuildPhase section */

/* Begin PBXShellScriptBuildPhase section */
		161A8B33129A4381AA75598F /* [CP] Check Pods Manifest.lock */ = {
			isa = PBXShellScriptBuildPhase;
			buildActionMask = 2147483647;
			files = (
			);
			inputFileListPaths = (
			);
			inputPaths = (
				"${PODS_PODFILE_DIR_PATH}/Podfile.lock",
				"${PODS_ROOT}/Manifest.lock",
			);
			name = "[CP] Check Pods Manifest.lock";
			outputFileListPaths = (
			);
			outputPaths = (
				"$(DERIVED_FILE_DIR)/Pods-TicTacToe-checkManifestLockResult.txt",
			);
			runOnlyForDeploymentPostprocessing = 0;
			shellPath = /bin/sh;
			shellScript = "diff \"${PODS_PODFILE_DIR_PATH}/Podfile.lock\" \"${PODS_ROOT}/Manifest.lock\" > /dev/null\nif [ $? != 0 ] ; then\n    # print error to STDERR\n    echo \"error: The sandbox is not in sync with the Podfile.lock. Run 'pod install' or update your CocoaPods installation.\" >&2\n    exit 1\nfi\n# This output is used by Xcode 'outputs' to avoid re-running this script phase.\necho \"SUCCESS\" > \"${SCRIPT_OUTPUT_FILE_0}\"\n";
			showEnvVarsInLog = 0;
		};
		94120ABF9AB81F76CE596137 /* [CP] Embed Pods Frameworks */ = {
			isa = PBXShellScriptBuildPhase;
			buildActionMask = 2147483647;
			files = (
			);
			inputFileListPaths = (
				"${PODS_ROOT}/Target Support Files/Pods-TicTacToe/Pods-TicTacToe-frameworks-${CONFIGURATION}-input-files.xcfilelist",
			);
			name = "[CP] Embed Pods Frameworks";
			outputFileListPaths = (
				"${PODS_ROOT}/Target Support Files/Pods-TicTacToe/Pods-TicTacToe-frameworks-${CONFIGURATION}-output-files.xcfilelist",
			);
			runOnlyForDeploymentPostprocessing = 0;
			shellPath = /bin/sh;
			shellScript = "\"${PODS_ROOT}/Target Support Files/Pods-TicTacToe/Pods-TicTacToe-frameworks.sh\"\n";
			showEnvVarsInLog = 0;
		};
/* End PBXShellScriptBuildPhase section */

/* Begin PBXSourcesBuildPhase section */
		294FA202249C8CE90042BB4A /* Sources */ = {
			isa = PBXSourcesBuildPhase;
			buildActionMask = 2147483647;
			files = (
				294FA20E249C8CE90042BB4A /* ViewController.swift in Sources */,
				294FA20A249C8CE90042BB4A /* AppDelegate.swift in Sources */,
				294FA23A249CAE080042BB4A /* ImageDisplay.swift in Sources */,
				294FA20C249C8CE90042BB4A /* SceneDelegate.swift in Sources */,
			);
			runOnlyForDeploymentPostprocessing = 0;
		};
		294FA218249C8CEB0042BB4A /* Sources */ = {
			isa = PBXSourcesBuildPhase;
			buildActionMask = 2147483647;
			files = (
				294FA221249C8CEB0042BB4A /* TicTacToeTests.swift in Sources */,
			);
			runOnlyForDeploymentPostprocessing = 0;
		};
		294FA223249C8CEB0042BB4A /* Sources */ = {
			isa = PBXSourcesBuildPhase;
			buildActionMask = 2147483647;
			files = (
				294FA22C249C8CEB0042BB4A /* TicTacToeUITests.swift in Sources */,
			);
			runOnlyForDeploymentPostprocessing = 0;
		};
/* End PBXSourcesBuildPhase section */

/* Begin PBXTargetDependency section */
		294FA21E249C8CEB0042BB4A /* PBXTargetDependency */ = {
			isa = PBXTargetDependency;
			target = 294FA205249C8CE90042BB4A /* TicTacToe */;
			targetProxy = 294FA21D249C8CEB0042BB4A /* PBXContainerItemProxy */;
		};
		294FA229249C8CEB0042BB4A /* PBXTargetDependency */ = {
			isa = PBXTargetDependency;
			target = 294FA205249C8CE90042BB4A /* TicTacToe */;
			targetProxy = 294FA228249C8CEB0042BB4A /* PBXContainerItemProxy */;
		};
/* End PBXTargetDependency section */

/* Begin PBXVariantGroup section */
		294FA20F249C8CE90042BB4A /* Main.storyboard */ = {
			isa = PBXVariantGroup;
			children = (
				294FA210249C8CE90042BB4A /* Base */,
			);
			name = Main.storyboard;
			sourceTree = "<group>";
		};
		294FA214249C8CEB0042BB4A /* LaunchScreen.storyboard */ = {
			isa = PBXVariantGroup;
			children = (
				294FA215249C8CEB0042BB4A /* Base */,
			);
			name = LaunchScreen.storyboard;
			sourceTree = "<group>";
		};
		294FA241249CBC120042BB4A /* Localizable.strings */ = {
			isa = PBXVariantGroup;
			children = (
				294FA240249CBC120042BB4A /* en */,
			);
			name = Localizable.strings;
			sourceTree = "<group>";
		};
/* End PBXVariantGroup section */

/* Begin XCBuildConfiguration section */
		294FA22E249C8CEB0042BB4A /* Debug */ = {
			isa = XCBuildConfiguration;
			buildSettings = {
				ALWAYS_SEARCH_USER_PATHS = NO;
				CLANG_ANALYZER_NONNULL = YES;
				CLANG_ANALYZER_NUMBER_OBJECT_CONVERSION = YES_AGGRESSIVE;
				CLANG_CXX_LANGUAGE_STANDARD = "gnu++14";
				CLANG_CXX_LIBRARY = "libc++";
				CLANG_ENABLE_MODULES = YES;
				CLANG_ENABLE_OBJC_ARC = YES;
				CLANG_ENABLE_OBJC_WEAK = YES;
				CLANG_WARN_BLOCK_CAPTURE_AUTORELEASING = YES;
				CLANG_WARN_BOOL_CONVERSION = YES;
				CLANG_WARN_COMMA = YES;
				CLANG_WARN_CONSTANT_CONVERSION = YES;
				CLANG_WARN_DEPRECATED_OBJC_IMPLEMENTATIONS = YES;
				CLANG_WARN_DIRECT_OBJC_ISA_USAGE = YES_ERROR;
				CLANG_WARN_DOCUMENTATION_COMMENTS = YES;
				CLANG_WARN_EMPTY_BODY = YES;
				CLANG_WARN_ENUM_CONVERSION = YES;
				CLANG_WARN_INFINITE_RECURSION = YES;
				CLANG_WARN_INT_CONVERSION = YES;
				CLANG_WARN_NON_LITERAL_NULL_CONVERSION = YES;
				CLANG_WARN_OBJC_IMPLICIT_RETAIN_SELF = YES;
				CLANG_WARN_OBJC_LITERAL_CONVERSION = YES;
				CLANG_WARN_OBJC_ROOT_CLASS = YES_ERROR;
				CLANG_WARN_RANGE_LOOP_ANALYSIS = YES;
				CLANG_WARN_STRICT_PROTOTYPES = YES;
				CLANG_WARN_SUSPICIOUS_MOVE = YES;
				CLANG_WARN_UNGUARDED_AVAILABILITY = YES_AGGRESSIVE;
				CLANG_WARN_UNREACHABLE_CODE = YES;
				CLANG_WARN__DUPLICATE_METHOD_MATCH = YES;
				COPY_PHASE_STRIP = NO;
				DEBUG_INFORMATION_FORMAT = dwarf;
				ENABLE_STRICT_OBJC_MSGSEND = YES;
				ENABLE_TESTABILITY = YES;
				GCC_C_LANGUAGE_STANDARD = gnu11;
				GCC_DYNAMIC_NO_PIC = NO;
				GCC_NO_COMMON_BLOCKS = YES;
				GCC_OPTIMIZATION_LEVEL = 0;
				GCC_PREPROCESSOR_DEFINITIONS = (
					"DEBUG=1",
					"$(inherited)",
				);
				GCC_WARN_64_TO_32_BIT_CONVERSION = YES;
				GCC_WARN_ABOUT_RETURN_TYPE = YES_ERROR;
				GCC_WARN_UNDECLARED_SELECTOR = YES;
				GCC_WARN_UNINITIALIZED_AUTOS = YES_AGGRESSIVE;
				GCC_WARN_UNUSED_FUNCTION = YES;
				GCC_WARN_UNUSED_VARIABLE = YES;
				IPHONEOS_DEPLOYMENT_TARGET = 13.5;
				MTL_ENABLE_DEBUG_INFO = INCLUDE_SOURCE;
				MTL_FAST_MATH = YES;
				ONLY_ACTIVE_ARCH = YES;
				SDKROOT = iphoneos;
				SWIFT_ACTIVE_COMPILATION_CONDITIONS = DEBUG;
				SWIFT_OPTIMIZATION_LEVEL = "-Onone";
			};
			name = Debug;
		};
		294FA22F249C8CEB0042BB4A /* Release */ = {
			isa = XCBuildConfiguration;
			buildSettings = {
				ALWAYS_SEARCH_USER_PATHS = NO;
				CLANG_ANALYZER_NONNULL = YES;
				CLANG_ANALYZER_NUMBER_OBJECT_CONVERSION = YES_AGGRESSIVE;
				CLANG_CXX_LANGUAGE_STANDARD = "gnu++14";
				CLANG_CXX_LIBRARY = "libc++";
				CLANG_ENABLE_MODULES = YES;
				CLANG_ENABLE_OBJC_ARC = YES;
				CLANG_ENABLE_OBJC_WEAK = YES;
				CLANG_WARN_BLOCK_CAPTURE_AUTORELEASING = YES;
				CLANG_WARN_BOOL_CONVERSION = YES;
				CLANG_WARN_COMMA = YES;
				CLANG_WARN_CONSTANT_CONVERSION = YES;
				CLANG_WARN_DEPRECATED_OBJC_IMPLEMENTATIONS = YES;
				CLANG_WARN_DIRECT_OBJC_ISA_USAGE = YES_ERROR;
				CLANG_WARN_DOCUMENTATION_COMMENTS = YES;
				CLANG_WARN_EMPTY_BODY = YES;
				CLANG_WARN_ENUM_CONVERSION = YES;
				CLANG_WARN_INFINITE_RECURSION = YES;
				CLANG_WARN_INT_CONVERSION = YES;
				CLANG_WARN_NON_LITERAL_NULL_CONVERSION = YES;
				CLANG_WARN_OBJC_IMPLICIT_RETAIN_SELF = YES;
				CLANG_WARN_OBJC_LITERAL_CONVERSION = YES;
				CLANG_WARN_OBJC_ROOT_CLASS = YES_ERROR;
				CLANG_WARN_RANGE_LOOP_ANALYSIS = YES;
				CLANG_WARN_STRICT_PROTOTYPES = YES;
				CLANG_WARN_SUSPICIOUS_MOVE = YES;
				CLANG_WARN_UNGUARDED_AVAILABILITY = YES_AGGRESSIVE;
				CLANG_WARN_UNREACHABLE_CODE = YES;
				CLANG_WARN__DUPLICATE_METHOD_MATCH = YES;
				COPY_PHASE_STRIP = NO;
				DEBUG_INFORMATION_FORMAT = "dwarf-with-dsym";
				ENABLE_NS_ASSERTIONS = NO;
				ENABLE_STRICT_OBJC_MSGSEND = YES;
				GCC_C_LANGUAGE_STANDARD = gnu11;
				GCC_NO_COMMON_BLOCKS = YES;
				GCC_WARN_64_TO_32_BIT_CONVERSION = YES;
				GCC_WARN_ABOUT_RETURN_TYPE = YES_ERROR;
				GCC_WARN_UNDECLARED_SELECTOR = YES;
				GCC_WARN_UNINITIALIZED_AUTOS = YES_AGGRESSIVE;
				GCC_WARN_UNUSED_FUNCTION = YES;
				GCC_WARN_UNUSED_VARIABLE = YES;
				IPHONEOS_DEPLOYMENT_TARGET = 13.5;
				MTL_ENABLE_DEBUG_INFO = NO;
				MTL_FAST_MATH = YES;
				SDKROOT = iphoneos;
				SWIFT_COMPILATION_MODE = wholemodule;
				SWIFT_OPTIMIZATION_LEVEL = "-O";
				VALIDATE_PRODUCT = YES;
			};
			name = Release;
		};
		294FA231249C8CEB0042BB4A /* Debug */ = {
			isa = XCBuildConfiguration;
			baseConfigurationReference = 3C17942B23CBFE265068A98A /* Pods-TicTacToe.debug.xcconfig */;
			buildSettings = {
				ASSETCATALOG_COMPILER_APPICON_NAME = AppIcon;
				CODE_SIGN_STYLE = Automatic;
				INFOPLIST_FILE = TicTacToe/Info.plist;
				LD_RUNPATH_SEARCH_PATHS = (
					"$(inherited)",
					"@executable_path/Frameworks",
				);
				PRODUCT_BUNDLE_IDENTIFIER = com.shivani.TicTacToe;
				PRODUCT_NAME = "$(TARGET_NAME)";
				SWIFT_VERSION = 5.0;
				TARGETED_DEVICE_FAMILY = "1,2";
			};
			name = Debug;
		};
		294FA232249C8CEB0042BB4A /* Release */ = {
			isa = XCBuildConfiguration;
			baseConfigurationReference = 0A0768B0D1173F72459319A3 /* Pods-TicTacToe.release.xcconfig */;
			buildSettings = {
				ASSETCATALOG_COMPILER_APPICON_NAME = AppIcon;
				CODE_SIGN_STYLE = Automatic;
				INFOPLIST_FILE = TicTacToe/Info.plist;
				LD_RUNPATH_SEARCH_PATHS = (
					"$(inherited)",
					"@executable_path/Frameworks",
				);
				PRODUCT_BUNDLE_IDENTIFIER = com.shivani.TicTacToe;
				PRODUCT_NAME = "$(TARGET_NAME)";
				SWIFT_VERSION = 5.0;
				TARGETED_DEVICE_FAMILY = "1,2";
			};
			name = Release;
		};
		294FA234249C8CEB0042BB4A /* Debug */ = {
			isa = XCBuildConfiguration;
			buildSettings = {
				ALWAYS_EMBED_SWIFT_STANDARD_LIBRARIES = YES;
				BUNDLE_LOADER = "$(TEST_HOST)";
				CODE_SIGN_STYLE = Automatic;
				INFOPLIST_FILE = TicTacToeTests/Info.plist;
				IPHONEOS_DEPLOYMENT_TARGET = 13.5;
				LD_RUNPATH_SEARCH_PATHS = (
					"$(inherited)",
					"@executable_path/Frameworks",
					"@loader_path/Frameworks",
				);
				PRODUCT_BUNDLE_IDENTIFIER = com.shivani.TicTacToeTests;
				PRODUCT_NAME = "$(TARGET_NAME)";
				SWIFT_VERSION = 5.0;
				TARGETED_DEVICE_FAMILY = "1,2";
				TEST_HOST = "$(BUILT_PRODUCTS_DIR)/TicTacToe.app/TicTacToe";
			};
			name = Debug;
		};
		294FA235249C8CEB0042BB4A /* Release */ = {
			isa = XCBuildConfiguration;
			buildSettings = {
				ALWAYS_EMBED_SWIFT_STANDARD_LIBRARIES = YES;
				BUNDLE_LOADER = "$(TEST_HOST)";
				CODE_SIGN_STYLE = Automatic;
				INFOPLIST_FILE = TicTacToeTests/Info.plist;
				IPHONEOS_DEPLOYMENT_TARGET = 13.5;
				LD_RUNPATH_SEARCH_PATHS = (
					"$(inherited)",
					"@executable_path/Frameworks",
					"@loader_path/Frameworks",
				);
				PRODUCT_BUNDLE_IDENTIFIER = com.shivani.TicTacToeTests;
				PRODUCT_NAME = "$(TARGET_NAME)";
				SWIFT_VERSION = 5.0;
				TARGETED_DEVICE_FAMILY = "1,2";
				TEST_HOST = "$(BUILT_PRODUCTS_DIR)/TicTacToe.app/TicTacToe";
			};
			name = Release;
		};
		294FA237249C8CEB0042BB4A /* Debug */ = {
			isa = XCBuildConfiguration;
			buildSettings = {
				ALWAYS_EMBED_SWIFT_STANDARD_LIBRARIES = YES;
				CODE_SIGN_STYLE = Automatic;
				INFOPLIST_FILE = TicTacToeUITests/Info.plist;
				LD_RUNPATH_SEARCH_PATHS = (
					"$(inherited)",
					"@executable_path/Frameworks",
					"@loader_path/Frameworks",
				);
				PRODUCT_BUNDLE_IDENTIFIER = com.shivani.TicTacToeUITests;
				PRODUCT_NAME = "$(TARGET_NAME)";
				SWIFT_VERSION = 5.0;
				TARGETED_DEVICE_FAMILY = "1,2";
				TEST_TARGET_NAME = TicTacToe;
			};
			name = Debug;
		};
		294FA238249C8CEB0042BB4A /* Release */ = {
			isa = XCBuildConfiguration;
			buildSettings = {
				ALWAYS_EMBED_SWIFT_STANDARD_LIBRARIES = YES;
				CODE_SIGN_STYLE = Automatic;
				INFOPLIST_FILE = TicTacToeUITests/Info.plist;
				LD_RUNPATH_SEARCH_PATHS = (
					"$(inherited)",
					"@executable_path/Frameworks",
					"@loader_path/Frameworks",
				);
				PRODUCT_BUNDLE_IDENTIFIER = com.shivani.TicTacToeUITests;
				PRODUCT_NAME = "$(TARGET_NAME)";
				SWIFT_VERSION = 5.0;
				TARGETED_DEVICE_FAMILY = "1,2";
				TEST_TARGET_NAME = TicTacToe;
			};
			name = Release;
		};
/* End XCBuildConfiguration section */

/* Begin XCConfigurationList section */
		294FA201249C8CE90042BB4A /* Build configuration list for PBXProject "TicTacToe" */ = {
			isa = XCConfigurationList;
			buildConfigurations = (
				294FA22E249C8CEB0042BB4A /* Debug */,
				294FA22F249C8CEB0042BB4A /* Release */,
			);
			defaultConfigurationIsVisible = 0;
			defaultConfigurationName = Release;
		};
		294FA230249C8CEB0042BB4A /* Build configuration list for PBXNativeTarget "TicTacToe" */ = {
			isa = XCConfigurationList;
			buildConfigurations = (
				294FA231249C8CEB0042BB4A /* Debug */,
				294FA232249C8CEB0042BB4A /* Release */,
			);
			defaultConfigurationIsVisible = 0;
			defaultConfigurationName = Release;
		};
		294FA233249C8CEB0042BB4A /* Build configuration list for PBXNativeTarget "TicTacToeTests" */ = {
			isa = XCConfigurationList;
			buildConfigurations = (
				294FA234249C8CEB0042BB4A /* Debug */,
				294FA235249C8CEB0042BB4A /* Release */,
			);
			defaultConfigurationIsVisible = 0;
			defaultConfigurationName = Release;
		};
		294FA236249C8CEB0042BB4A /* Build configuration list for PBXNativeTarget "TicTacToeUITests" */ = {
			isa = XCConfigurationList;
			buildConfigurations = (
				294FA237249C8CEB0042BB4A /* Debug */,
				294FA238249C8CEB0042BB4A /* Release */,
			);
			defaultConfigurationIsVisible = 0;
			defaultConfigurationName = Release;
		};
/* End XCConfigurationList section */
	};
	rootObject = 294FA1FE249C8CE90042BB4A /* Project object */;
}
